
Microsoft Visual Studio Solution File, Format Version 12.00
# Visual Studio 15
VisualStudioVersion = 15.0.27130.2010
MinimumVisualStudioVersion = 10.0.40219.1
Project("{9A19103F-16F7-4668-BE54-9A1E7A4F7556}") = "AzureFunctionApp", "AzureFunctionApp\AzureFunctionApp.csproj", "{8F1335E8-5536-436C-A466-9B6518B810FC}"
EndProject
Project("{FAE04EC0-301F-11D3-BF4B-00C04F79EFBC}") = "WebAppApiCaller", "WebAppApiCaller\WebAppApiCaller.csproj", "{7C24A7BA-4920-4929-8BE2-85B8214D8781}"
EndProject
Global
	GlobalSection(SolutionConfigurationPlatforms) = preSolution
		Debug|Any CPU = Debug|Any CPU
		Release|Any CPU = Release|Any CPU
	EndGlobalSection
	GlobalSection(ProjectConfigurationPlatforms) = postSolution
		{8F1335E8-5536-436C-A466-9B6518B810FC}.Debug|Any CPU.ActiveCfg = Debug|Any CPU
		{8F1335E8-5536-436C-A466-9B6518B810FC}.Debug|Any CPU.Build.0 = Debug|Any CPU
		{8F1335E8-5536-436C-A466-9B6518B810FC}.Release|Any CPU.ActiveCfg = Release|Any CPU
		{8F1335E8-5536-436C-A466-9B6518B810FC}.Release|Any CPU.Build.0 = Release|Any CPU
		{7C24A7BA-4920-4929-8BE2-85B8214D8781}.Debug|Any CPU.ActiveCfg = Debug|Any CPU
		{7C24A7BA-4920-4929-8BE2-85B8214D8781}.Debug|Any CPU.Build.0 = Debug|Any CPU
		{7C24A7BA-4920-4929-8BE2-85B8214D8781}.Release|Any CPU.ActiveCfg = Release|Any CPU
		{7C24A7BA-4920-4929-8BE2-85B8214D8781}.Release|Any CPU.Build.0 = Release|Any CPU
	EndGlobalSection
	GlobalSection(SolutionProperties) = preSolution
		HideSolutionNode = FALSE
	EndGlobalSection
	GlobalSection(ExtensibilityGlobals) = postSolution
		SolutionGuid = {D2280085-3987-4605-B1A3-713FC9F34F3E}
	EndGlobalSection
EndGlobal
